<Solution>
  <Folder Name="/src/">
    <Project Path="src/HabitTracker.App/HabitTracker.App.csproj" />
    <Project Path="src/HabitTracker.Core/HabitTracker.Core.csproj" />
    <Project Path="src/HabitTracker.Data/HabitTracker.Data.csproj" />
    <Project Path="src/HabitTracker.Services/HabitTracker.Services.csproj" />
  </Folder>
  <Folder Name="/tests/">
    <Project Path="tests/HabitTracker.Core.Tests/HabitTracker.Core.Tests.csproj" />
    <Project Path="tests/HabitTracker.Data.Tests/HabitTracker.Data.Tests.csproj" />
    <Project Path="tests/HabitTracker.Services.Tests/HabitTracker.Services.Tests.csproj" />
  </Folder>
</Solution>
